
Microsoft Visual Studio Solution File, Format Version 12.00
# Visual Studio Version 16
VisualStudioVersion = 16.0.31624.102
MinimumVisualStudioVersion = 10.0.40219.1
Project("{FAE04EC0-301F-11D3-BF4B-00C04F79EFBC}") = "ClientHttp.NET", "ClientHttp.NET\ClientHttp.NET.csproj", "{997833A7-3B35-48DB-82EB-DAA798AE70AE}"
EndProject
Global
	GlobalSection(SolutionConfigurationPlatforms) = preSolution
		Debug|Any CPU = Debug|Any CPU
		Release|Any CPU = Release|Any CPU
	EndGlobalSection
	GlobalSection(ProjectConfigurationPlatforms) = postSolution
		{997833A7-3B35-48DB-82EB-DAA798AE70AE}.Debug|Any CPU.ActiveCfg = Debug|Any CPU
		{997833A7-3B35-48DB-82EB-DAA798AE70AE}.Debug|Any CPU.Build.0 = Debug|Any CPU
		{997833A7-3B35-48DB-82EB-DAA798AE70AE}.Release|Any CPU.ActiveCfg = Release|Any CPU
		{997833A7-3B35-48DB-82EB-DAA798AE70AE}.Release|Any CPU.Build.0 = Release|Any CPU
	EndGlobalSection
	GlobalSection(SolutionProperties) = preSolution
		HideSolutionNode = FALSE
	EndGlobalSection
	GlobalSection(ExtensibilityGlobals) = postSolution
		SolutionGuid = {E59CC2BC-B280-41F5-BFEE-2A01A4EB7092}
	EndGlobalSection
EndGlobal
